
Microsoft Visual Studio Solution File, Format Version 12.00
Project("{FAE04EC0-301F-11D3-BF4B-00C04F79EFBC}") = "FastEndpointsTests", "FastEndpointsTests\FastEndpointsTests.csproj", "{46B8DC16-532B-4119-B36F-84A447091F9E}"
EndProject
Global
	GlobalSection(SolutionConfigurationPlatforms) = preSolution
		Debug|Any CPU = Debug|Any CPU
		Release|Any CPU = Release|Any CPU
	EndGlobalSection
	GlobalSection(ProjectConfigurationPlatforms) = postSolution
		{46B8DC16-532B-4119-B36F-84A447091F9E}.Debug|Any CPU.ActiveCfg = Debug|Any CPU
		{46B8DC16-532B-4119-B36F-84A447091F9E}.Debug|Any CPU.Build.0 = Debug|Any CPU
		{46B8DC16-532B-4119-B36F-84A447091F9E}.Release|Any CPU.ActiveCfg = Release|Any CPU
		{46B8DC16-532B-4119-B36F-84A447091F9E}.Release|Any CPU.Build.0 = Release|Any CPU
	EndGlobalSection
EndGlobal
